// !$*UTF8*$!
{
	archiveVersion = 1;
	classes = {
	};
	objectVersion = 50;
	objects = {

/* Begin PBXBuildFile section */
		9048010922C609FE005A481A /* AppDelegate.m in Sources */ = {isa = PBXBuildFile; fileRef = 9048010822C609FE005A481A /* AppDelegate.m */; };
		9048010C22C609FE005A481A /* ViewController.m in Sources */ = {isa = PBXBuildFile; fileRef = 9048010B22C609FE005A481A /* ViewController.m */; };
		9048010F22C609FE005A481A /* Main.storyboard in Resources */ = {isa = PBXBuildFile; fileRef = 9048010D22C609FE005A481A /* Main.storyboard */; };
		9048011122C60A00005A481A /* Assets.xcassets in Resources */ = {isa = PBXBuildFile; fileRef = 9048011022C60A00005A481A /* Assets.xcassets */; };
		9048011422C60A00005A481A /* LaunchScreen.storyboard in Resources */ = {isa = PBXBuildFile; fileRef = 9048011222C60A00005A481A /* LaunchScreen.storyboard */; };
		9048011722C60A00005A481A /* main.m in Sources */ = {isa = PBXBuildFile; fileRef = 9048011622C60A00005A481A /* main.m */; };
		9048012122C60A00005A481A /* RunLoop____Tests.m in Sources */ = {isa = PBXBuildFile; fileRef = 9048012022C60A00005A481A /* RunLoop____Tests.m */; };
		9048012C22C60A00005A481A /* RunLoop____UITests.m in Sources */ = {isa = PBXBuildFile; fileRef = 9048012B22C60A00005A481A /* RunLoop____UITests.m */; };
		9048017F22C75890005A481A /* HLPermenantThread.m in Sources */ = {isa = PBXBuildFile; fileRef = 9048017E22C75890005A481A /* HLPermenantThread.m */; };
/* End PBXBuildFile section */

/* Begin PBXContainerItemProxy section */
		9048011D22C60A00005A481A /* PBXContainerItemProxy */ = {
			isa = PBXContainerItemProxy;
			containerPortal = 904800FC22C609FE005A481A /* Project object */;
			proxyType = 1;
			remoteGlobalIDString = 9048010322C609FE005A481A;
			remoteInfo = "RunLoop线程保活";
		};
		9048012822C60A00005A481A /* PBXContainerItemProxy */ = {
			isa = PBXContainerItemProxy;
			containerPortal = 904800FC22C609FE005A481A /* Project object */;
			proxyType = 1;
			remoteGlobalIDString = 9048010322C609FE005A481A;
			remoteInfo = "RunLoop线程保活";
		};
/* End PBXContainerItemProxy section */

/* Begin PBXFileReference section */
		9048010422C609FE005A481A /* RunLoop线程保活.app */ = {isa = PBXFileReference; explicitFileType = wrapper.application; includeInIndex = 0; path = "RunLoop线程保活.app"; sourceTree = BUILT_PRODUCTS_DIR; };
		9048010722C609FE005A481A /* AppDelegate.h */ = {isa = PBXFileReference; lastKnownFileType = sourcecode.c.h; path = AppDelegate.h; sourceTree = "<group>"; };
		9048010822C609FE005A481A /* AppDelegate.m */ = {isa = PBXFileReference; lastKnownFileType = sourcecode.c.objc; path = AppDelegate.m; sourceTree = "<group>"; };
		9048010A22C609FE005A481A /* ViewController.h */ = {isa = PBXFileReference; lastKnownFileType = sourcecode.c.h; path = ViewController.h; sourceTree = "<group>"; };
		9048010B22C609FE005A481A /* ViewController.m */ = {isa = PBXFileReference; lastKnownFileType = sourcecode.c.objc; path = ViewController.m; sourceTree = "<group>"; };
		9048010E22C609FE005A481A /* Base */ = {isa = PBXFileReference; lastKnownFileType = file.storyboard; name = Base; path = Base.lproj/Main.storyboard; sourceTree = "<group>"; };
		9048011022C60A00005A481A /* Assets.xcassets */ = {isa = PBXFileReference; lastKnownFileType = folder.assetcatalog; path = Assets.xcassets; sourceTree = "<group>"; };
		9048011322C60A00005A481A /* Base */ = {isa = PBXFileReference; lastKnownFileType = file.storyboard; name = Base; path = Base.lproj/LaunchScreen.storyboard; sourceTree = "<group>"; };
		9048011522C60A00005A481A /* Info.plist */ = {isa = PBXFileReference; lastKnownFileType = text.plist.xml; path = Info.plist; sourceTree = "<group>"; };
		9048011622C60A00005A481A /* main.m */ = {isa = PBXFileReference; lastKnownFileType = sourcecode.c.objc; path = main.m; sourceTree = "<group>"; };
		9048011C22C60A00005A481A /* RunLoop线程保活Tests.xctest */ = {isa = PBXFileReference; explicitFileType = wrapper.cfbundle; includeInIndex = 0; path = "RunLoop线程保活Tests.xctest"; sourceTree = BUILT_PRODUCTS_DIR; };
		9048012022C60A00005A481A /* RunLoop____Tests.m */ = {isa = PBXFileReference; lastKnownFileType = sourcecode.c.objc; path = "RunLoop____Tests.m"; sourceTree = "<group>"; };
		9048012222C60A00005A481A /* Info.plist */ = {isa = PBXFileReference; lastKnownFileType = text.plist.xml; path = Info.plist; sourceTree = "<group>"; };
		9048012722C60A00005A481A /* RunLoop线程保活UITests.xctest */ = {isa = PBXFileReference; explicitFileType = wrapper.cfbundle; includeInIndex = 0; path = "RunLoop线程保活UITests.xctest"; sourceTree = BUILT_PRODUCTS_DIR; };
		9048012B22C60A00005A481A /* RunLoop____UITests.m */ = {isa = PBXFileReference; lastKnownFileType = sourcecode.c.objc; path = "RunLoop____UITests.m"; sourceTree = "<group>"; };
		9048012D22C60A00005A481A /* Info.plist */ = {isa = PBXFileReference; lastKnownFileType = text.plist.xml; path = Info.plist; sourceTree = "<group>"; };
		9048017D22C75890005A481A /* HLPermenantThread.h */ = {isa = PBXFileReference; fileEncoding = 4; lastKnownFileType = sourcecode.c.h; path = HLPermenantThread.h; sourceTree = "<group>"; };
		9048017E22C75890005A481A /* HLPermenantThread.m */ = {isa = PBXFileReference; fileEncoding = 4; lastKnownFileType = sourcecode.c.objc; path = HLPermenantThread.m; sourceTree = "<group>"; };
/* End PBXFileReference section */

/* Begin PBXFrameworksBuildPhase section */
		9048010122C609FE005A481A /* Frameworks */ = {
			isa = PBXFrameworksBuildPhase;
			buildActionMask = 2147483647;
			files = (
			);
			runOnlyForDeploymentPostprocessing = 0;
		};
		9048011922C60A00005A481A /* Frameworks */ = {
			isa = PBXFrameworksBuildPhase;
			buildActionMask = 2147483647;
			files = (
			);
			runOnlyForDeploymentPostprocessing = 0;
		};
		9048012422C60A00005A481A /* Frameworks */ = {
			isa = PBXFrameworksBuildPhase;
			buildActionMask = 2147483647;
			files = (
			);
			runOnlyForDeploymentPostprocessing = 0;
		};
/* End PBXFrameworksBuildPhase section */

/* Begin PBXGroup section */
		904800FB22C609FD005A481A = {
			isa = PBXGroup;
			children = (
				9048010622C609FE005A481A /* RunLoop线程保活 */,
				9048011F22C60A00005A481A /* RunLoop线程保活Tests */,
				9048012A22C60A00005A481A /* RunLoop线程保活UITests */,
				9048010522C609FE005A481A /* Products */,
			);
			sourceTree = "<group>";
		};
		9048010522C609FE005A481A /* Products */ = {
			isa = PBXGroup;
			children = (
				9048010422C609FE005A481A /* RunLoop线程保活.app */,
				9048011C22C60A00005A481A /* RunLoop线程保活Tests.xctest */,
				9048012722C60A00005A481A /* RunLoop线程保活UITests.xctest */,
			);
			name = Products;
			sourceTree = "<group>";
		};
		9048010622C609FE005A481A /* RunLoop线程保活 */ = {
			isa = PBXGroup;
			children = (
				9048010722C609FE005A481A /* AppDelegate.h */,
				9048010822C609FE005A481A /* AppDelegate.m */,
				9048010A22C609FE005A481A /* ViewController.h */,
				9048010B22C609FE005A481A /* ViewController.m */,
				9048010D22C609FE005A481A /* Main.storyboard */,
				9048011022C60A00005A481A /* Assets.xcassets */,
				9048011222C60A00005A481A /* LaunchScreen.storyboard */,
				9048011522C60A00005A481A /* Info.plist */,
				9048011622C60A00005A481A /* main.m */,
				9048017D22C75890005A481A /* HLPermenantThread.h */,
				9048017E22C75890005A481A /* HLPermenantThread.m */,
			);
			path = "RunLoop线程保活";
			sourceTree = "<group>";
		};
		9048011F22C60A00005A481A /* RunLoop线程保活Tests */ = {
			isa = PBXGroup;
			children = (
				9048012022C60A00005A481A /* RunLoop____Tests.m */,
				9048012222C60A00005A481A /* Info.plist */,
			);
			path = "RunLoop线程保活Tests";
			sourceTree = "<group>";
		};
		9048012A22C60A00005A481A /* RunLoop线程保活UITests */ = {
			isa = PBXGroup;
			children = (
				9048012B22C60A00005A481A /* RunLoop____UITests.m */,
				9048012D22C60A00005A481A /* Info.plist */,
			);
			path = "RunLoop线程保活UITests";
			sourceTree = "<group>";
		};
/* End PBXGroup section */

/* Begin PBXNativeTarget section */
		9048010322C609FE005A481A /* RunLoop线程保活 */ = {
			isa = PBXNativeTarget;
			buildConfigurationList = 9048013022C60A00005A481A /* Build configuration list for PBXNativeTarget "RunLoop线程保活" */;
			buildPhases = (
				9048010022C609FE005A481A /* Sources */,
				9048010122C609FE005A481A /* Frameworks */,
				9048010222C609FE005A481A /* Resources */,
			);
			buildRules = (
			);
			dependencies = (
			);
			name = "RunLoop线程保活";
			productName = "RunLoop线程保活";
			productReference = 9048010422C609FE005A481A /* RunLoop线程保活.app */;
			productType = "com.apple.product-type.application";
		};
		9048011B22C60A00005A481A /* RunLoop线程保活Tests */ = {
			isa = PBXNativeTarget;
			buildConfigurationList = 9048013322C60A00005A481A /* Build configuration list for PBXNativeTarget "RunLoop线程保活Tests" */;
			buildPhases = (
				9048011822C60A00005A481A /* Sources */,
				9048011922C60A00005A481A /* Frameworks */,
				9048011A22C60A00005A481A /* Resources */,
			);
			buildRules = (
			);
			dependencies = (
				9048011E22C60A00005A481A /* PBXTargetDependency */,
			);
			name = "RunLoop线程保活Tests";
			productName = "RunLoop线程保活Tests";
			productReference = 9048011C22C60A00005A481A /* RunLoop线程保活Tests.xctest */;
			productType = "com.apple.product-type.bundle.unit-test";
		};
		9048012622C60A00005A481A /* RunLoop线程保活UITests */ = {
			isa = PBXNativeTarget;
			buildConfigurationList = 9048013622C60A00005A481A /* Build configuration list for PBXNativeTarget "RunLoop线程保活UITests" */;
			buildPhases = (
				9048012322C60A00005A481A /* Sources */,
				9048012422C60A00005A481A /* Frameworks */,
				9048012522C60A00005A481A /* Resources */,
			);
			buildRules = (
			);
			dependencies = (
				9048012922C60A00005A481A /* PBXTargetDependency */,
			);
			name = "RunLoop线程保活UITests";
			productName = "RunLoop线程保活UITests";
			productReference = 9048012722C60A00005A481A /* RunLoop线程保活UITests.xctest */;
			productType = "com.apple.product-type.bundle.ui-testing";
		};
/* End PBXNativeTarget section */

/* Begin PBXProject section */
		904800FC22C609FE005A481A /* Project object */ = {
			isa = PBXProject;
			attributes = {
				LastUpgradeCheck = 1020;
				ORGANIZATIONNAME = BaoHenglin;
				TargetAttributes = {
					9048010322C609FE005A481A = {
						CreatedOnToolsVersion = 10.2.1;
					};
					9048011B22C60A00005A481A = {
						CreatedOnToolsVersion = 10.2.1;
						TestTargetID = 9048010322C609FE005A481A;
					};
					9048012622C60A00005A481A = {
						CreatedOnToolsVersion = 10.2.1;
						TestTargetID = 9048010322C609FE005A481A;
					};
				};
			};
			buildConfigurationList = 904800FF22C609FE005A481A /* Build configuration list for PBXProject "RunLoop线程保活" */;
			compatibilityVersion = "Xcode 9.3";
			developmentRegion = en;
			hasScannedForEncodings = 0;
			knownRegions = (
				en,
				Base,
			);
			mainGroup = 904800FB22C609FD005A481A;
			productRefGroup = 9048010522C609FE005A481A /* Products */;
			projectDirPath = "";
			projectRoot = "";
			targets = (
				9048010322C609FE005A481A /* RunLoop线程保活 */,
				9048011B22C60A00005A481A /* RunLoop线程保活Tests */,
				9048012622C60A00005A481A /* RunLoop线程保活UITests */,
			);
		};
/* End PBXProject section */

/* Begin PBXResourcesBuildPhase section */
		9048010222C609FE005A481A /* Resources */ = {
			isa = PBXResourcesBuildPhase;
			buildActionMask = 2147483647;
			files = (
				9048011422C60A00005A481A /* LaunchScreen.storyboard in Resources */,
				9048011122C60A00005A481A /* Assets.xcassets in Resources */,
				9048010F22C609FE005A481A /* Main.storyboard in Resources */,
			);
			runOnlyForDeploymentPostprocessing = 0;
		};
		9048011A22C60A00005A481A /* Resources */ = {
			isa = PBXResourcesBuildPhase;
			buildActionMask = 2147483647;
			files = (
			);
			runOnlyForDeploymentPostprocessing = 0;
		};
		9048012522C60A00005A481A /* Resources */ = {
			isa = PBXResourcesBuildPhase;
			buildActionMask = 2147483647;
			files = (
			);
			runOnlyForDeploymentPostprocessing = 0;
		};
/* End PBXResourcesBuildPhase section */

/* Begin PBXSourcesBuildPhase section */
		9048010022C609FE005A481A /* Sources */ = {
			isa = PBXSourcesBuildPhase;
			buildActionMask = 2147483647;
			files = (
				9048017F22C75890005A481A /* HLPermenantThread.m in Sources */,
				9048010C22C609FE005A481A /* ViewController.m in Sources */,
				9048011722C60A00005A481A /* main.m in Sources */,
				9048010922C609FE005A481A /* AppDelegate.m in Sources */,
			);
			runOnlyForDeploymentPostprocessing = 0;
		};
		9048011822C60A00005A481A /* Sources */ = {
			isa = PBXSourcesBuildPhase;
			buildActionMask = 2147483647;
			files = (
				9048012122C60A00005A481A /* RunLoop____Tests.m in Sources */,
			);
			runOnlyForDeploymentPostprocessing = 0;
		};
		9048012322C60A00005A481A /* Sources */ = {
			isa = PBXSourcesBuildPhase;
			buildActionMask = 2147483647;
			files = (
				9048012C22C60A00005A481A /* RunLoop____UITests.m in Sources */,
			);
			runOnlyForDeploymentPostprocessing = 0;
		};
/* End PBXSourcesBuildPhase section */

/* Begin PBXTargetDependency section */
		9048011E22C60A00005A481A /* PBXTargetDependency */ = {
			isa = PBXTargetDependency;
			target = 9048010322C609FE005A481A /* RunLoop线程保活 */;
			targetProxy = 9048011D22C60A00005A481A /* PBXContainerItemProxy */;
		};
		9048012922C60A00005A481A /* PBXTargetDependency */ = {
			isa = PBXTargetDependency;
			target = 9048010322C609FE005A481A /* RunLoop线程保活 */;
			targetProxy = 9048012822C60A00005A481A /* PBXContainerItemProxy */;
		};
/* End PBXTargetDependency section */

/* Begin PBXVariantGroup section */
		9048010D22C609FE005A481A /* Main.storyboard */ = {
			isa = PBXVariantGroup;
			children = (
				9048010E22C609FE005A481A /* Base */,
			);
			name = Main.storyboard;
			sourceTree = "<group>";
		};
		9048011222C60A00005A481A /* LaunchScreen.storyboard */ = {
			isa = PBXVariantGroup;
			children = (
				9048011322C60A00005A481A /* Base */,
			);
			name = LaunchScreen.storyboard;
			sourceTree = "<group>";
		};
/* End PBXVariantGroup section */

/* Begin XCBuildConfiguration section */
		9048012E22C60A00005A481A /* Debug */ = {
			isa = XCBuildConfiguration;
			buildSettings = {
				ALWAYS_SEARCH_USER_PATHS = NO;
				CLANG_ANALYZER_NONNULL = YES;
				CLANG_ANALYZER_NUMBER_OBJECT_CONVERSION = YES_AGGRESSIVE;
				CLANG_CXX_LANGUAGE_STANDARD = "gnu++14";
				CLANG_CXX_LIBRARY = "libc++";
				CLANG_ENABLE_MODULES = YES;
				CLANG_ENABLE_OBJC_ARC = YES;
				CLANG_ENABLE_OBJC_WEAK = YES;
				CLANG_WARN_BLOCK_CAPTURE_AUTORELEASING = YES;
				CLANG_WARN_BOOL_CONVERSION = YES;
				CLANG_WARN_COMMA = YES;
				CLANG_WARN_CONSTANT_CONVERSION = YES;
				CLANG_WARN_DEPRECATED_OBJC_IMPLEMENTATIONS = YES;
				CLANG_WARN_DIRECT_OBJC_ISA_USAGE = YES_ERROR;
				CLANG_WARN_DOCUMENTATION_COMMENTS = YES;
				CLANG_WARN_EMPTY_BODY = YES;
				CLANG_WARN_ENUM_CONVERSION = YES;
				CLANG_WARN_INFINITE_RECURSION = YES;
				CLANG_WARN_INT_CONVERSION = YES;
				CLANG_WARN_NON_LITERAL_NULL_CONVERSION = YES;
				CLANG_WARN_OBJC_IMPLICIT_RETAIN_SELF = YES;
				CLANG_WARN_OBJC_LITERAL_CONVERSION = YES;
				CLANG_WARN_OBJC_ROOT_CLASS = YES_ERROR;
				CLANG_WARN_RANGE_LOOP_ANALYSIS = YES;
				CLANG_WARN_STRICT_PROTOTYPES = YES;
				CLANG_WARN_SUSPICIOUS_MOVE = YES;
				CLANG_WARN_UNGUARDED_AVAILABILITY = YES_AGGRESSIVE;
				CLANG_WARN_UNREACHABLE_CODE = YES;
				CLANG_WARN__DUPLICATE_METHOD_MATCH = YES;
				CODE_SIGN_IDENTITY = "iPhone Developer";
				COPY_PHASE_STRIP = NO;
				DEBUG_INFORMATION_FORMAT = dwarf;
				ENABLE_STRICT_OBJC_MSGSEND = YES;
				ENABLE_TESTABILITY = YES;
				GCC_C_LANGUAGE_STANDARD = gnu11;
				GCC_DYNAMIC_NO_PIC = NO;
				GCC_NO_COMMON_BLOCKS = YES;
				GCC_OPTIMIZATION_LEVEL = 0;
				GCC_PREPROCESSOR_DEFINITIONS = (
					"DEBUG=1",
					"$(inherited)",
				);
				GCC_WARN_64_TO_32_BIT_CONVERSION = YES;
				GCC_WARN_ABOUT_RETURN_TYPE = YES_ERROR;
				GCC_WARN_UNDECLARED_SELECTOR = YES;
				GCC_WARN_UNINITIALIZED_AUTOS = YES_AGGRESSIVE;
				GCC_WARN_UNUSED_FUNCTION = YES;
				GCC_WARN_UNUSED_VARIABLE = YES;
				IPHONEOS_DEPLOYMENT_TARGET = 12.2;
				MTL_ENABLE_DEBUG_INFO = INCLUDE_SOURCE;
				MTL_FAST_MATH = YES;
				ONLY_ACTIVE_ARCH = YES;
				SDKROOT = iphoneos;
			};
			name = Debug;
		};
		9048012F22C60A00005A481A /* Release */ = {
			isa = XCBuildConfiguration;
			buildSettings = {
				ALWAYS_SEARCH_USER_PATHS = NO;
				CLANG_ANALYZER_NONNULL = YES;
				CLANG_ANALYZER_NUMBER_OBJECT_CONVERSION = YES_AGGRESSIVE;
				CLANG_CXX_LANGUAGE_STANDARD = "gnu++14";
				CLANG_CXX_LIBRARY = "libc++";
				CLANG_ENABLE_MODULES = YES;
				CLANG_ENABLE_OBJC_ARC = YES;
				CLANG_ENABLE_OBJC_WEAK = YES;
				CLANG_WARN_BLOCK_CAPTURE_AUTORELEASING = YES;
				CLANG_WARN_BOOL_CONVERSION = YES;
				CLANG_WARN_COMMA = YES;
				CLANG_WARN_CONSTANT_CONVERSION = YES;
				CLANG_WARN_DEPRECATED_OBJC_IMPLEMENTATIONS = YES;
				CLANG_WARN_DIRECT_OBJC_ISA_USAGE = YES_ERROR;
				CLANG_WARN_DOCUMENTATION_COMMENTS = YES;
				CLANG_WARN_EMPTY_BODY = YES;
				CLANG_WARN_ENUM_CONVERSION = YES;
				CLANG_WARN_INFINITE_RECURSION = YES;
				CLANG_WARN_INT_CONVERSION = YES;
				CLANG_WARN_NON_LITERAL_NULL_CONVERSION = YES;
				CLANG_WARN_OBJC_IMPLICIT_RETAIN_SELF = YES;
				CLANG_WARN_OBJC_LITERAL_CONVERSION = YES;
				CLANG_WARN_OBJC_ROOT_CLASS = YES_ERROR;
				CLANG_WARN_RANGE_LOOP_ANALYSIS = YES;
				CLANG_WARN_STRICT_PROTOTYPES = YES;
				CLANG_WARN_SUSPICIOUS_MOVE = YES;
				CLANG_WARN_UNGUARDED_AVAILABILITY = YES_AGGRESSIVE;
				CLANG_WARN_UNREACHABLE_CODE = YES;
				CLANG_WARN__DUPLICATE_METHOD_MATCH = YES;
				CODE_SIGN_IDENTITY = "iPhone Developer";
				COPY_PHASE_STRIP = NO;
				DEBUG_INFORMATION_FORMAT = "dwarf-with-dsym";
				ENABLE_NS_ASSERTIONS = NO;
				ENABLE_STRICT_OBJC_MSGSEND = YES;
				GCC_C_LANGUAGE_STANDARD = gnu11;
				GCC_NO_COMMON_BLOCKS = YES;
				GCC_WARN_64_TO_32_BIT_CONVERSION = YES;
				GCC_WARN_ABOUT_RETURN_TYPE = YES_ERROR;
				GCC_WARN_UNDECLARED_SELECTOR = YES;
				GCC_WARN_UNINITIALIZED_AUTOS = YES_AGGRESSIVE;
				GCC_WARN_UNUSED_FUNCTION = YES;
				GCC_WARN_UNUSED_VARIABLE = YES;
				IPHONEOS_DEPLOYMENT_TARGET = 12.2;
				MTL_ENABLE_DEBUG_INFO = NO;
				MTL_FAST_MATH = YES;
				SDKROOT = iphoneos;
				VALIDATE_PRODUCT = YES;
			};
			name = Release;
		};
		9048013122C60A00005A481A /* Debug */ = {
			isa = XCBuildConfiguration;
			buildSettings = {
				ASSETCATALOG_COMPILER_APPICON_NAME = AppIcon;
				CODE_SIGN_STYLE = Automatic;
				DEVELOPMENT_TEAM = ERC839XSL4;
				INFOPLIST_FILE = "RunLoop线程保活/Info.plist";
				LD_RUNPATH_SEARCH_PATHS = (
					"$(inherited)",
					"@executable_path/Frameworks",
				);
				PRODUCT_BUNDLE_IDENTIFIER = "FengQingYang.RunLoop----";
				PRODUCT_NAME = "$(TARGET_NAME)";
				TARGETED_DEVICE_FAMILY = "1,2";
			};
			name = Debug;
		};
		9048013222C60A00005A481A /* Release */ = {
			isa = XCBuildConfiguration;
			buildSettings = {
				ASSETCATALOG_COMPILER_APPICON_NAME = AppIcon;
				CODE_SIGN_STYLE = Automatic;
				DEVELOPMENT_TEAM = ERC839XSL4;
				INFOPLIST_FILE = "RunLoop线程保活/Info.plist";
				LD_RUNPATH_SEARCH_PATHS = (
					"$(inherited)",
					"@executable_path/Frameworks",
				);
				PRODUCT_BUNDLE_IDENTIFIER = "FengQingYang.RunLoop----";
				PRODUCT_NAME = "$(TARGET_NAME)";
				TARGETED_DEVICE_FAMILY = "1,2";
			};
			name = Release;
		};
		9048013422C60A00005A481A /* Debug */ = {
			isa = XCBuildConfiguration;
			buildSettings = {
				BUNDLE_LOADER = "$(TEST_HOST)";
				CODE_SIGN_STYLE = Automatic;
				DEVELOPMENT_TEAM = ERC839XSL4;
				INFOPLIST_FILE = "RunLoop线程保活Tests/Info.plist";
				LD_RUNPATH_SEARCH_PATHS = (
					"$(inherited)",
					"@executable_path/Frameworks",
					"@loader_path/Frameworks",
				);
				PRODUCT_BUNDLE_IDENTIFIER = "FengQingYang.RunLoop----Tests";
				PRODUCT_NAME = "$(TARGET_NAME)";
				TARGETED_DEVICE_FAMILY = "1,2";
				TEST_HOST = "$(BUILT_PRODUCTS_DIR)/RunLoop线程保活.app/RunLoop线程保活";
			};
			name = Debug;
		};
		9048013522C60A00005A481A /* Release */ = {
			isa = XCBuildConfiguration;
			buildSettings = {
				BUNDLE_LOADER = "$(TEST_HOST)";
				CODE_SIGN_STYLE = Automatic;
				DEVELOPMENT_TEAM = ERC839XSL4;
				INFOPLIST_FILE = "RunLoop线程保活Tests/Info.plist";
				LD_RUNPATH_SEARCH_PATHS = (
					"$(inherited)",
					"@executable_path/Frameworks",
					"@loader_path/Frameworks",
				);
				PRODUCT_BUNDLE_IDENTIFIER = "FengQingYang.RunLoop----Tests";
				PRODUCT_NAME = "$(TARGET_NAME)";
				TARGETED_DEVICE_FAMILY = "1,2";
				TEST_HOST = "$(BUILT_PRODUCTS_DIR)/RunLoop线程保活.app/RunLoop线程保活";
			};
			name = Release;
		};
		9048013722C60A00005A481A /* Debug */ = {
			isa = XCBuildConfiguration;
			buildSettings = {
				CODE_SIGN_STYLE = Automatic;
				DEVELOPMENT_TEAM = ERC839XSL4;
				INFOPLIST_FILE = "RunLoop线程保活UITests/Info.plist";
				LD_RUNPATH_SEARCH_PATHS = (
					"$(inherited)",
					"@executable_path/Frameworks",
					"@loader_path/Frameworks",
				);
				PRODUCT_BUNDLE_IDENTIFIER = "FengQingYang.RunLoop----UITests";
				PRODUCT_NAME = "$(TARGET_NAME)";
				TARGETED_DEVICE_FAMILY = "1,2";
				TEST_TARGET_NAME = "RunLoop线程保活";
			};
			name = Debug;
		};
		9048013822C60A00005A481A /* Release */ = {
			isa = XCBuildConfiguration;
			buildSettings = {
				CODE_SIGN_STYLE = Automatic;
				DEVELOPMENT_TEAM = ERC839XSL4;
				INFOPLIST_FILE = "RunLoop线程保活UITests/Info.plist";
				LD_RUNPATH_SEARCH_PATHS = (
					"$(inherited)",
					"@executable_path/Frameworks",
					"@loader_path/Frameworks",
				);
				PRODUCT_BUNDLE_IDENTIFIER = "FengQingYang.RunLoop----UITests";
				PRODUCT_NAME = "$(TARGET_NAME)";
				TARGETED_DEVICE_FAMILY = "1,2";
				TEST_TARGET_NAME = "RunLoop线程保活";
			};
			name = Release;
		};
/* End XCBuildConfiguration section */

/* Begin XCConfigurationList section */
		904800FF22C609FE005A481A /* Build configuration list for PBXProject "RunLoop线程保活" */ = {
			isa = XCConfigurationList;
			buildConfigurations = (
				9048012E22C60A00005A481A /* Debug */,
				9048012F22C60A00005A481A /* Release */,
			);
			defaultConfigurationIsVisible = 0;
			defaultConfigurationName = Release;
		};
		9048013022C60A00005A481A /* Build configuration list for PBXNativeTarget "RunLoop线程保活" */ = {
			isa = XCConfigurationList;
			buildConfigurations = (
				9048013122C60A00005A481A /* Debug */,
				9048013222C60A00005A481A /* Release */,
			);
			defaultConfigurationIsVisible = 0;
			defaultConfigurationName = Release;
		};
		9048013322C60A00005A481A /* Build configuration list for PBXNativeTarget "RunLoop线程保活Tests" */ = {
			isa = XCConfigurationList;
			buildConfigurations = (
				9048013422C60A00005A481A /* Debug */,
				9048013522C60A00005A481A /* Release */,
			);
			defaultConfigurationIsVisible = 0;
			defaultConfigurationName = Release;
		};
		9048013622C60A00005A481A /* Build configuration list for PBXNativeTarget "RunLoop线程保活UITests" */ = {
			isa = XCConfigurationList;
			buildConfigurations = (
				9048013722C60A00005A481A /* Debug */,
				9048013822C60A00005A481A /* Release */,
			);
			defaultConfigurationIsVisible = 0;
			defaultConfigurationName = Release;
		};
/* End XCConfigurationList section */
	};
	rootObject = 904800FC22C609FE005A481A /* Project object */;
}
